
Microsoft Visual Studio Solution File, Format Version 12.00
# Visual Studio 15
VisualStudioVersion = 15.0.28307.2017
MinimumVisualStudioVersion = 10.0.40219.1
Project("{E24C65DC-7377-472B-9ABA-BC803B73C61A}") = "Editor de texto", "Editor de texto\", "{FB79CD90-BDB0-4B28-AADD-D7E2F58A2CDE}"
	ProjectSection(WebsiteProperties) = preProject
		TargetFrameworkMoniker = ".NETFramework,Version%3Dv4.6.1"
		Debug.AspNetCompiler.VirtualPath = "/localhost_56087"
		Debug.AspNetCompiler.PhysicalPath = "Editor de texto\"
		Debug.AspNetCompiler.TargetPath = "PrecompiledWeb\localhost_56087\"
		Debug.AspNetCompiler.Updateable = "true"
		Debug.AspNetCompiler.ForceOverwrite = "true"
		Debug.AspNetCompiler.FixedNames = "false"
		Debug.AspNetCompiler.Debug = "True"
		Release.AspNetCompiler.VirtualPath = "/localhost_56087"
		Release.AspNetCompiler.PhysicalPath = "Editor de texto\"
		Release.AspNetCompiler.TargetPath = "PrecompiledWeb\localhost_56087\"
		Release.AspNetCompiler.Updateable = "true"
		Release.AspNetCompiler.ForceOverwrite = "true"
		Release.AspNetCompiler.FixedNames = "false"
		Release.AspNetCompiler.Debug = "False"
		VWDPort = "56087"
		SlnRelativePath = "Editor de texto\"
		DefaultWebSiteLanguage = "Visual C#"
	EndProjectSection
EndProject
Global
	GlobalSection(SolutionConfigurationPlatforms) = preSolution
		Debug|Any CPU = Debug|Any CPU
	EndGlobalSection
	GlobalSection(ProjectConfigurationPlatforms) = postSolution
		{FB79CD90-BDB0-4B28-AADD-D7E2F58A2CDE}.Debug|Any CPU.ActiveCfg = Debug|Any CPU
		{FB79CD90-BDB0-4B28-AADD-D7E2F58A2CDE}.Debug|Any CPU.Build.0 = Debug|Any CPU
	EndGlobalSection
	GlobalSection(SolutionProperties) = preSolution
		HideSolutionNode = FALSE
	EndGlobalSection
	GlobalSection(ExtensibilityGlobals) = postSolution
		SolutionGuid = {EDC5EEED-4B98-44D9-A466-934FD2BDA6D4}
	EndGlobalSection
EndGlobal
